// !$*UTF8*$!
{
	archiveVersion = 1;
	classes = {
	};
	objectVersion = 56;
	objects = {

/* Begin PBXBuildFile section */
		2D94210429781BCB0021AEB9 /* AppDelegate.swift in Sources */ = {isa = PBXBuildFile; fileRef = 2D94210329781BCB0021AEB9 /* AppDelegate.swift */; };
		2D94210629781BCB0021AEB9 /* SceneDelegate.swift in Sources */ = {isa = PBXBuildFile; fileRef = 2D94210529781BCB0021AEB9 /* SceneDelegate.swift */; };
		2D94210D29781BCC0021AEB9 /* Assets.xcassets in Resources */ = {isa = PBXBuildFile; fileRef = 2D94210C29781BCC0021AEB9 /* Assets.xcassets */; };
		2D94211029781BCC0021AEB9 /* LaunchScreen.storyboard in Resources */ = {isa = PBXBuildFile; fileRef = 2D94210E29781BCC0021AEB9 /* LaunchScreen.storyboard */; };
		2D9421192978203E0021AEB9 /* AppContainer.swift in Sources */ = {isa = PBXBuildFile; fileRef = 2D9421182978203E0021AEB9 /* AppContainer.swift */; };
		2D94211B2978205D0021AEB9 /* AppRouter.swift in Sources */ = {isa = PBXBuildFile; fileRef = 2D94211A2978205D0021AEB9 /* AppRouter.swift */; };
		2D9421212978219A0021AEB9 /* LoginViewController.swift in Sources */ = {isa = PBXBuildFile; fileRef = 2D9421202978219A0021AEB9 /* LoginViewController.swift */; };
		2D942124297824360021AEB9 /* IPColor.swift in Sources */ = {isa = PBXBuildFile; fileRef = 2D942123297824360021AEB9 /* IPColor.swift */; };
		2D94212A2978266B0021AEB9 /* AuthView.swift in Sources */ = {isa = PBXBuildFile; fileRef = 2D9421292978266B0021AEB9 /* AuthView.swift */; };
		2D94212C297828610021AEB9 /* LoginScrollView.swift in Sources */ = {isa = PBXBuildFile; fileRef = 2D94212B297828610021AEB9 /* LoginScrollView.swift */; };
		2D942130297829120021AEB9 /* RegisterViewController.swift in Sources */ = {isa = PBXBuildFile; fileRef = 2D94212F297829120021AEB9 /* RegisterViewController.swift */; };
		2D9421322978293B0021AEB9 /* RegisterScrollView.swift in Sources */ = {isa = PBXBuildFile; fileRef = 2D9421312978293B0021AEB9 /* RegisterScrollView.swift */; };
		2D94213529782C570021AEB9 /* SnapKit in Frameworks */ = {isa = PBXBuildFile; productRef = 2D94213429782C570021AEB9 /* SnapKit */; };
		2D94219B297839EC0021AEB9 /* Fonts.swift in Sources */ = {isa = PBXBuildFile; fileRef = 2D94219A297839EC0021AEB9 /* Fonts.swift */; };
		2D9421D229783C2F0021AEB9 /* Inter-VariableFont_slnt,wght.ttf in Resources */ = {isa = PBXBuildFile; fileRef = 2D9421C529783C2F0021AEB9 /* Inter-VariableFont_slnt,wght.ttf */; };
		2D9421D329783C2F0021AEB9 /* Inter-Medium.ttf in Resources */ = {isa = PBXBuildFile; fileRef = 2D9421C729783C2F0021AEB9 /* Inter-Medium.ttf */; };
		2D9421D429783C2F0021AEB9 /* Inter-Light.ttf in Resources */ = {isa = PBXBuildFile; fileRef = 2D9421C829783C2F0021AEB9 /* Inter-Light.ttf */; };
		2D9421D529783C2F0021AEB9 /* Inter-Thin.ttf in Resources */ = {isa = PBXBuildFile; fileRef = 2D9421C929783C2F0021AEB9 /* Inter-Thin.ttf */; };
		2D9421D629783C2F0021AEB9 /* Inter-Bold.ttf in Resources */ = {isa = PBXBuildFile; fileRef = 2D9421CA29783C2F0021AEB9 /* Inter-Bold.ttf */; };
		2D9421D729783C2F0021AEB9 /* Inter-Regular.ttf in Resources */ = {isa = PBXBuildFile; fileRef = 2D9421CB29783C2F0021AEB9 /* Inter-Regular.ttf */; };
		2D9421D829783C2F0021AEB9 /* Inter-ExtraBold.ttf in Resources */ = {isa = PBXBuildFile; fileRef = 2D9421CC29783C2F0021AEB9 /* Inter-ExtraBold.ttf */; };
		2D9421D929783C2F0021AEB9 /* Inter-ExtraLight.ttf in Resources */ = {isa = PBXBuildFile; fileRef = 2D9421CD29783C2F0021AEB9 /* Inter-ExtraLight.ttf */; };
		2D9421DA29783C2F0021AEB9 /* Inter-Black.ttf in Resources */ = {isa = PBXBuildFile; fileRef = 2D9421CE29783C2F0021AEB9 /* Inter-Black.ttf */; };
		2D9421DB29783C2F0021AEB9 /* Inter-SemiBold.ttf in Resources */ = {isa = PBXBuildFile; fileRef = 2D9421CF29783C2F0021AEB9 /* Inter-SemiBold.ttf */; };
		2D9421DC29783C2F0021AEB9 /* OFL.txt in Resources */ = {isa = PBXBuildFile; fileRef = 2D9421D029783C2F0021AEB9 /* OFL.txt */; };
		2D9421DD29783C2F0021AEB9 /* README.txt in Resources */ = {isa = PBXBuildFile; fileRef = 2D9421D129783C2F0021AEB9 /* README.txt */; };
		2D9421E0297841EA0021AEB9 /* UIStackView+.swift in Sources */ = {isa = PBXBuildFile; fileRef = 2D9421DF297841EA0021AEB9 /* UIStackView+.swift */; };
		2D9421E22978437D0021AEB9 /* CustomTextField.swift in Sources */ = {isa = PBXBuildFile; fileRef = 2D9421E12978437D0021AEB9 /* CustomTextField.swift */; };
/* End PBXBuildFile section */

/* Begin PBXFileReference section */
		2D94210029781BCB0021AEB9 /* ToDoApp.app */ = {isa = PBXFileReference; explicitFileType = wrapper.application; includeInIndex = 0; path = ToDoApp.app; sourceTree = BUILT_PRODUCTS_DIR; };
		2D94210329781BCB0021AEB9 /* AppDelegate.swift */ = {isa = PBXFileReference; lastKnownFileType = sourcecode.swift; path = AppDelegate.swift; sourceTree = "<group>"; };
		2D94210529781BCB0021AEB9 /* SceneDelegate.swift */ = {isa = PBXFileReference; lastKnownFileType = sourcecode.swift; path = SceneDelegate.swift; sourceTree = "<group>"; };
		2D94210C29781BCC0021AEB9 /* Assets.xcassets */ = {isa = PBXFileReference; lastKnownFileType = folder.assetcatalog; path = Assets.xcassets; sourceTree = "<group>"; };
		2D94210F29781BCC0021AEB9 /* Base */ = {isa = PBXFileReference; lastKnownFileType = file.storyboard; name = Base; path = Base.lproj/LaunchScreen.storyboard; sourceTree = "<group>"; };
		2D94211129781BCC0021AEB9 /* Info.plist */ = {isa = PBXFileReference; lastKnownFileType = text.plist.xml; path = Info.plist; sourceTree = "<group>"; };
		2D9421182978203E0021AEB9 /* AppContainer.swift */ = {isa = PBXFileReference; lastKnownFileType = sourcecode.swift; path = AppContainer.swift; sourceTree = "<group>"; };
		2D94211A2978205D0021AEB9 /* AppRouter.swift */ = {isa = PBXFileReference; lastKnownFileType = sourcecode.swift; path = AppRouter.swift; sourceTree = "<group>"; };
		2D9421202978219A0021AEB9 /* LoginViewController.swift */ = {isa = PBXFileReference; lastKnownFileType = sourcecode.swift; path = LoginViewController.swift; sourceTree = "<group>"; };
		2D942123297824360021AEB9 /* IPColor.swift */ = {isa = PBXFileReference; lastKnownFileType = sourcecode.swift; path = IPColor.swift; sourceTree = "<group>"; };
		2D9421292978266B0021AEB9 /* AuthView.swift */ = {isa = PBXFileReference; lastKnownFileType = sourcecode.swift; path = AuthView.swift; sourceTree = "<group>"; };
		2D94212B297828610021AEB9 /* LoginScrollView.swift */ = {isa = PBXFileReference; lastKnownFileType = sourcecode.swift; path = LoginScrollView.swift; sourceTree = "<group>"; };
		2D94212F297829120021AEB9 /* RegisterViewController.swift */ = {isa = PBXFileReference; lastKnownFileType = sourcecode.swift; path = RegisterViewController.swift; sourceTree = "<group>"; };
		2D9421312978293B0021AEB9 /* RegisterScrollView.swift */ = {isa = PBXFileReference; lastKnownFileType = sourcecode.swift; path = RegisterScrollView.swift; sourceTree = "<group>"; };
		2D94219A297839EC0021AEB9 /* Fonts.swift */ = {isa = PBXFileReference; lastKnownFileType = sourcecode.swift; path = Fonts.swift; sourceTree = "<group>"; };
		2D9421C529783C2F0021AEB9 /* Inter-VariableFont_slnt,wght.ttf */ = {isa = PBXFileReference; lastKnownFileType = file; path = "Inter-VariableFont_slnt,wght.ttf"; sourceTree = "<group>"; };
		2D9421C729783C2F0021AEB9 /* Inter-Medium.ttf */ = {isa = PBXFileReference; lastKnownFileType = file; path = "Inter-Medium.ttf"; sourceTree = "<group>"; };
		2D9421C829783C2F0021AEB9 /* Inter-Light.ttf */ = {isa = PBXFileReference; lastKnownFileType = file; path = "Inter-Light.ttf"; sourceTree = "<group>"; };
		2D9421C929783C2F0021AEB9 /* Inter-Thin.ttf */ = {isa = PBXFileReference; lastKnownFileType = file; path = "Inter-Thin.ttf"; sourceTree = "<group>"; };
		2D9421CA29783C2F0021AEB9 /* Inter-Bold.ttf */ = {isa = PBXFileReference; lastKnownFileType = file; path = "Inter-Bold.ttf"; sourceTree = "<group>"; };
		2D9421CB29783C2F0021AEB9 /* Inter-Regular.ttf */ = {isa = PBXFileReference; lastKnownFileType = file; path = "Inter-Regular.ttf"; sourceTree = "<group>"; };
		2D9421CC29783C2F0021AEB9 /* Inter-ExtraBold.ttf */ = {isa = PBXFileReference; lastKnownFileType = file; path = "Inter-ExtraBold.ttf"; sourceTree = "<group>"; };
		2D9421CD29783C2F0021AEB9 /* Inter-ExtraLight.ttf */ = {isa = PBXFileReference; lastKnownFileType = file; path = "Inter-ExtraLight.ttf"; sourceTree = "<group>"; };
		2D9421CE29783C2F0021AEB9 /* Inter-Black.ttf */ = {isa = PBXFileReference; lastKnownFileType = file; path = "Inter-Black.ttf"; sourceTree = "<group>"; };
		2D9421CF29783C2F0021AEB9 /* Inter-SemiBold.ttf */ = {isa = PBXFileReference; lastKnownFileType = file; path = "Inter-SemiBold.ttf"; sourceTree = "<group>"; };
		2D9421D029783C2F0021AEB9 /* OFL.txt */ = {isa = PBXFileReference; fileEncoding = 4; lastKnownFileType = text; path = OFL.txt; sourceTree = "<group>"; };
		2D9421D129783C2F0021AEB9 /* README.txt */ = {isa = PBXFileReference; fileEncoding = 4; lastKnownFileType = text; path = README.txt; sourceTree = "<group>"; };
		2D9421DF297841EA0021AEB9 /* UIStackView+.swift */ = {isa = PBXFileReference; lastKnownFileType = sourcecode.swift; path = "UIStackView+.swift"; sourceTree = "<group>"; };
		2D9421E12978437D0021AEB9 /* CustomTextField.swift */ = {isa = PBXFileReference; lastKnownFileType = sourcecode.swift; path = CustomTextField.swift; sourceTree = "<group>"; };
/* End PBXFileReference section */

/* Begin PBXFrameworksBuildPhase section */
		2D9420FD29781BCB0021AEB9 /* Frameworks */ = {
			isa = PBXFrameworksBuildPhase;
			buildActionMask = 2147483647;
			files = (
				2D94213529782C570021AEB9 /* SnapKit in Frameworks */,
			);
			runOnlyForDeploymentPostprocessing = 0;
		};
/* End PBXFrameworksBuildPhase section */

/* Begin PBXGroup section */
		2D9420F729781BCB0021AEB9 = {
			isa = PBXGroup;
			children = (
				2D94210229781BCB0021AEB9 /* ToDoApp */,
				2D94210129781BCB0021AEB9 /* Products */,
			);
			sourceTree = "<group>";
		};
		2D94210129781BCB0021AEB9 /* Products */ = {
			isa = PBXGroup;
			children = (
				2D94210029781BCB0021AEB9 /* ToDoApp.app */,
			);
			name = Products;
			sourceTree = "<group>";
		};
		2D94210229781BCB0021AEB9 /* ToDoApp */ = {
			isa = PBXGroup;
			children = (
				2D9421DE297841DD0021AEB9 /* Extensions */,
				2D9421C429783C2F0021AEB9 /* Inter */,
				2D942199297839E30021AEB9 /* Fonts */,
				2D942122297824310021AEB9 /* Colors */,
				2D94211C297821330021AEB9 /* Resources */,
				2D942117297820320021AEB9 /* App */,
				2D94211D297821660021AEB9 /* Scenes */,
			);
			path = ToDoApp;
			sourceTree = "<group>";
		};
		2D942117297820320021AEB9 /* App */ = {
			isa = PBXGroup;
			children = (
				2D94210329781BCB0021AEB9 /* AppDelegate.swift */,
				2D94210529781BCB0021AEB9 /* SceneDelegate.swift */,
				2D9421182978203E0021AEB9 /* AppContainer.swift */,
				2D94211A2978205D0021AEB9 /* AppRouter.swift */,
			);
			path = App;
			sourceTree = "<group>";
		};
		2D94211C297821330021AEB9 /* Resources */ = {
			isa = PBXGroup;
			children = (
				2D94210C29781BCC0021AEB9 /* Assets.xcassets */,
				2D94210E29781BCC0021AEB9 /* LaunchScreen.storyboard */,
				2D94211129781BCC0021AEB9 /* Info.plist */,
			);
			path = Resources;
			sourceTree = "<group>";
		};
		2D94211D297821660021AEB9 /* Scenes */ = {
			isa = PBXGroup;
			children = (
				2D942125297825B20021AEB9 /* Auth */,
			);
			path = Scenes;
			sourceTree = "<group>";
		};
		2D94211E2978217A0021AEB9 /* Login */ = {
			isa = PBXGroup;
			children = (
				2D94211F297821900021AEB9 /* View */,
			);
			path = Login;
			sourceTree = "<group>";
		};
		2D94211F297821900021AEB9 /* View */ = {
			isa = PBXGroup;
			children = (
				2D9421202978219A0021AEB9 /* LoginViewController.swift */,
				2D94212B297828610021AEB9 /* LoginScrollView.swift */,
			);
			path = View;
			sourceTree = "<group>";
		};
		2D942122297824310021AEB9 /* Colors */ = {
			isa = PBXGroup;
			children = (
				2D942123297824360021AEB9 /* IPColor.swift */,
			);
			path = Colors;
			sourceTree = "<group>";
		};
		2D942125297825B20021AEB9 /* Auth */ = {
			isa = PBXGroup;
			children = (
				2D942126297825BD0021AEB9 /* Core */,
				2D94211E2978217A0021AEB9 /* Login */,
				2D94212D297828FB0021AEB9 /* Register */,
			);
			path = Auth;
			sourceTree = "<group>";
		};
		2D942126297825BD0021AEB9 /* Core */ = {
			isa = PBXGroup;
			children = (
				2D9421292978266B0021AEB9 /* AuthView.swift */,
				2D9421E12978437D0021AEB9 /* CustomTextField.swift */,
			);
			path = Core;
			sourceTree = "<group>";
		};
		2D94212D297828FB0021AEB9 /* Register */ = {
			isa = PBXGroup;
			children = (
				2D94212E297829070021AEB9 /* View */,
			);
			path = Register;
			sourceTree = "<group>";
		};
		2D94212E297829070021AEB9 /* View */ = {
			isa = PBXGroup;
			children = (
				2D94212F297829120021AEB9 /* RegisterViewController.swift */,
				2D9421312978293B0021AEB9 /* RegisterScrollView.swift */,
			);
			path = View;
			sourceTree = "<group>";
		};
		2D942199297839E30021AEB9 /* Fonts */ = {
			isa = PBXGroup;
			children = (
				2D94219A297839EC0021AEB9 /* Fonts.swift */,
			);
			path = Fonts;
			sourceTree = "<group>";
		};
		2D9421C429783C2F0021AEB9 /* Inter */ = {
			isa = PBXGroup;
			children = (
				2D9421C529783C2F0021AEB9 /* Inter-VariableFont_slnt,wght.ttf */,
				2D9421C629783C2F0021AEB9 /* static */,
				2D9421D029783C2F0021AEB9 /* OFL.txt */,
				2D9421D129783C2F0021AEB9 /* README.txt */,
			);
			path = Inter;
			sourceTree = "<group>";
		};
		2D9421C629783C2F0021AEB9 /* static */ = {
			isa = PBXGroup;
			children = (
				2D9421C729783C2F0021AEB9 /* Inter-Medium.ttf */,
				2D9421C829783C2F0021AEB9 /* Inter-Light.ttf */,
				2D9421C929783C2F0021AEB9 /* Inter-Thin.ttf */,
				2D9421CA29783C2F0021AEB9 /* Inter-Bold.ttf */,
				2D9421CB29783C2F0021AEB9 /* Inter-Regular.ttf */,
				2D9421CC29783C2F0021AEB9 /* Inter-ExtraBold.ttf */,
				2D9421CD29783C2F0021AEB9 /* Inter-ExtraLight.ttf */,
				2D9421CE29783C2F0021AEB9 /* Inter-Black.ttf */,
				2D9421CF29783C2F0021AEB9 /* Inter-SemiBold.ttf */,
			);
			path = static;
			sourceTree = "<group>";
		};
		2D9421DE297841DD0021AEB9 /* Extensions */ = {
			isa = PBXGroup;
			children = (
				2D9421DF297841EA0021AEB9 /* UIStackView+.swift */,
			);
			path = Extensions;
			sourceTree = "<group>";
		};
/* End PBXGroup section */

/* Begin PBXNativeTarget section */
		2D9420FF29781BCB0021AEB9 /* ToDoApp */ = {
			isa = PBXNativeTarget;
			buildConfigurationList = 2D94211429781BCC0021AEB9 /* Build configuration list for PBXNativeTarget "ToDoApp" */;
			buildPhases = (
				2D9420FC29781BCB0021AEB9 /* Sources */,
				2D9420FD29781BCB0021AEB9 /* Frameworks */,
				2D9420FE29781BCB0021AEB9 /* Resources */,
			);
			buildRules = (
			);
			dependencies = (
			);
			name = ToDoApp;
			packageProductDependencies = (
				2D94213429782C570021AEB9 /* SnapKit */,
			);
			productName = ToDoApp;
			productReference = 2D94210029781BCB0021AEB9 /* ToDoApp.app */;
			productType = "com.apple.product-type.application";
		};
/* End PBXNativeTarget section */

/* Begin PBXProject section */
		2D9420F829781BCB0021AEB9 /* Project object */ = {
			isa = PBXProject;
			attributes = {
				BuildIndependentTargetsInParallel = 1;
				LastSwiftUpdateCheck = 1420;
				LastUpgradeCheck = 1420;
				TargetAttributes = {
					2D9420FF29781BCB0021AEB9 = {
						CreatedOnToolsVersion = 14.2;
					};
				};
			};
			buildConfigurationList = 2D9420FB29781BCB0021AEB9 /* Build configuration list for PBXProject "ToDoApp" */;
			compatibilityVersion = "Xcode 14.0";
			developmentRegion = en;
			hasScannedForEncodings = 0;
			knownRegions = (
				en,
				Base,
			);
			mainGroup = 2D9420F729781BCB0021AEB9;
			packageReferences = (
				2D94213329782C570021AEB9 /* XCRemoteSwiftPackageReference "SnapKit" */,
			);
			productRefGroup = 2D94210129781BCB0021AEB9 /* Products */;
			projectDirPath = "";
			projectRoot = "";
			targets = (
				2D9420FF29781BCB0021AEB9 /* ToDoApp */,
			);
		};
/* End PBXProject section */

/* Begin PBXResourcesBuildPhase section */
		2D9420FE29781BCB0021AEB9 /* Resources */ = {
			isa = PBXResourcesBuildPhase;
			buildActionMask = 2147483647;
			files = (
				2D9421DB29783C2F0021AEB9 /* Inter-SemiBold.ttf in Resources */,
				2D9421D429783C2F0021AEB9 /* Inter-Light.ttf in Resources */,
				2D9421D929783C2F0021AEB9 /* Inter-ExtraLight.ttf in Resources */,
				2D9421D329783C2F0021AEB9 /* Inter-Medium.ttf in Resources */,
				2D9421D829783C2F0021AEB9 /* Inter-ExtraBold.ttf in Resources */,
				2D9421D529783C2F0021AEB9 /* Inter-Thin.ttf in Resources */,
				2D9421D629783C2F0021AEB9 /* Inter-Bold.ttf in Resources */,
				2D9421DA29783C2F0021AEB9 /* Inter-Black.ttf in Resources */,
				2D9421DC29783C2F0021AEB9 /* OFL.txt in Resources */,
				2D94211029781BCC0021AEB9 /* LaunchScreen.storyboard in Resources */,
				2D9421D229783C2F0021AEB9 /* Inter-VariableFont_slnt,wght.ttf in Resources */,
				2D9421D729783C2F0021AEB9 /* Inter-Regular.ttf in Resources */,
				2D9421DD29783C2F0021AEB9 /* README.txt in Resources */,
				2D94210D29781BCC0021AEB9 /* Assets.xcassets in Resources */,
			);
			runOnlyForDeploymentPostprocessing = 0;
		};
/* End PBXResourcesBuildPhase section */

/* Begin PBXSourcesBuildPhase section */
		2D9420FC29781BCB0021AEB9 /* Sources */ = {
			isa = PBXSourcesBuildPhase;
			buildActionMask = 2147483647;
			files = (
				2D9421E22978437D0021AEB9 /* CustomTextField.swift in Sources */,
				2D942130297829120021AEB9 /* RegisterViewController.swift in Sources */,
				2D94212A2978266B0021AEB9 /* AuthView.swift in Sources */,
				2D9421192978203E0021AEB9 /* AppContainer.swift in Sources */,
				2D94210429781BCB0021AEB9 /* AppDelegate.swift in Sources */,
				2D94212C297828610021AEB9 /* LoginScrollView.swift in Sources */,
				2D942124297824360021AEB9 /* IPColor.swift in Sources */,
				2D9421322978293B0021AEB9 /* RegisterScrollView.swift in Sources */,
				2D9421E0297841EA0021AEB9 /* UIStackView+.swift in Sources */,
				2D94211B2978205D0021AEB9 /* AppRouter.swift in Sources */,
				2D94219B297839EC0021AEB9 /* Fonts.swift in Sources */,
				2D9421212978219A0021AEB9 /* LoginViewController.swift in Sources */,
				2D94210629781BCB0021AEB9 /* SceneDelegate.swift in Sources */,
			);
			runOnlyForDeploymentPostprocessing = 0;
		};
/* End PBXSourcesBuildPhase section */

/* Begin PBXVariantGroup section */
		2D94210E29781BCC0021AEB9 /* LaunchScreen.storyboard */ = {
			isa = PBXVariantGroup;
			children = (
				2D94210F29781BCC0021AEB9 /* Base */,
			);
			name = LaunchScreen.storyboard;
			sourceTree = "<group>";
		};
/* End PBXVariantGroup section */

/* Begin XCBuildConfiguration section */
		2D94211229781BCC0021AEB9 /* Debug */ = {
			isa = XCBuildConfiguration;
			buildSettings = {
				ALWAYS_SEARCH_USER_PATHS = NO;
				CLANG_ANALYZER_NONNULL = YES;
				CLANG_ANALYZER_NUMBER_OBJECT_CONVERSION = YES_AGGRESSIVE;
				CLANG_CXX_LANGUAGE_STANDARD = "gnu++20";
				CLANG_ENABLE_MODULES = YES;
				CLANG_ENABLE_OBJC_ARC = YES;
				CLANG_ENABLE_OBJC_WEAK = YES;
				CLANG_WARN_BLOCK_CAPTURE_AUTORELEASING = YES;
				CLANG_WARN_BOOL_CONVERSION = YES;
				CLANG_WARN_COMMA = YES;
				CLANG_WARN_CONSTANT_CONVERSION = YES;
				CLANG_WARN_DEPRECATED_OBJC_IMPLEMENTATIONS = YES;
				CLANG_WARN_DIRECT_OBJC_ISA_USAGE = YES_ERROR;
				CLANG_WARN_DOCUMENTATION_COMMENTS = YES;
				CLANG_WARN_EMPTY_BODY = YES;
				CLANG_WARN_ENUM_CONVERSION = YES;
				CLANG_WARN_INFINITE_RECURSION = YES;
				CLANG_WARN_INT_CONVERSION = YES;
				CLANG_WARN_NON_LITERAL_NULL_CONVERSION = YES;
				CLANG_WARN_OBJC_IMPLICIT_RETAIN_SELF = YES;
				CLANG_WARN_OBJC_LITERAL_CONVERSION = YES;
				CLANG_WARN_OBJC_ROOT_CLASS = YES_ERROR;
				CLANG_WARN_QUOTED_INCLUDE_IN_FRAMEWORK_HEADER = YES;
				CLANG_WARN_RANGE_LOOP_ANALYSIS = YES;
				CLANG_WARN_STRICT_PROTOTYPES = YES;
				CLANG_WARN_SUSPICIOUS_MOVE = YES;
				CLANG_WARN_UNGUARDED_AVAILABILITY = YES_AGGRESSIVE;
				CLANG_WARN_UNREACHABLE_CODE = YES;
				CLANG_WARN__DUPLICATE_METHOD_MATCH = YES;
				COPY_PHASE_STRIP = NO;
				DEBUG_INFORMATION_FORMAT = dwarf;
				ENABLE_STRICT_OBJC_MSGSEND = YES;
				ENABLE_TESTABILITY = YES;
				GCC_C_LANGUAGE_STANDARD = gnu11;
				GCC_DYNAMIC_NO_PIC = NO;
				GCC_NO_COMMON_BLOCKS = YES;
				GCC_OPTIMIZATION_LEVEL = 0;
				GCC_PREPROCESSOR_DEFINITIONS = (
					"DEBUG=1",
					"$(inherited)",
				);
				GCC_WARN_64_TO_32_BIT_CONVERSION = YES;
				GCC_WARN_ABOUT_RETURN_TYPE = YES_ERROR;
				GCC_WARN_UNDECLARED_SELECTOR = YES;
				GCC_WARN_UNINITIALIZED_AUTOS = YES_AGGRESSIVE;
				GCC_WARN_UNUSED_FUNCTION = YES;
				GCC_WARN_UNUSED_VARIABLE = YES;
				IPHONEOS_DEPLOYMENT_TARGET = 16.2;
				MTL_ENABLE_DEBUG_INFO = INCLUDE_SOURCE;
				MTL_FAST_MATH = YES;
				ONLY_ACTIVE_ARCH = YES;
				SDKROOT = iphoneos;
				SWIFT_ACTIVE_COMPILATION_CONDITIONS = DEBUG;
				SWIFT_OPTIMIZATION_LEVEL = "-Onone";
			};
			name = Debug;
		};
		2D94211329781BCC0021AEB9 /* Release */ = {
			isa = XCBuildConfiguration;
			buildSettings = {
				ALWAYS_SEARCH_USER_PATHS = NO;
				CLANG_ANALYZER_NONNULL = YES;
				CLANG_ANALYZER_NUMBER_OBJECT_CONVERSION = YES_AGGRESSIVE;
				CLANG_CXX_LANGUAGE_STANDARD = "gnu++20";
				CLANG_ENABLE_MODULES = YES;
				CLANG_ENABLE_OBJC_ARC = YES;
				CLANG_ENABLE_OBJC_WEAK = YES;
				CLANG_WARN_BLOCK_CAPTURE_AUTORELEASING = YES;
				CLANG_WARN_BOOL_CONVERSION = YES;
				CLANG_WARN_COMMA = YES;
				CLANG_WARN_CONSTANT_CONVERSION = YES;
				CLANG_WARN_DEPRECATED_OBJC_IMPLEMENTATIONS = YES;
				CLANG_WARN_DIRECT_OBJC_ISA_USAGE = YES_ERROR;
				CLANG_WARN_DOCUMENTATION_COMMENTS = YES;
				CLANG_WARN_EMPTY_BODY = YES;
				CLANG_WARN_ENUM_CONVERSION = YES;
				CLANG_WARN_INFINITE_RECURSION = YES;
				CLANG_WARN_INT_CONVERSION = YES;
				CLANG_WARN_NON_LITERAL_NULL_CONVERSION = YES;
				CLANG_WARN_OBJC_IMPLICIT_RETAIN_SELF = YES;
				CLANG_WARN_OBJC_LITERAL_CONVERSION = YES;
				CLANG_WARN_OBJC_ROOT_CLASS = YES_ERROR;
				CLANG_WARN_QUOTED_INCLUDE_IN_FRAMEWORK_HEADER = YES;
				CLANG_WARN_RANGE_LOOP_ANALYSIS = YES;
				CLANG_WARN_STRICT_PROTOTYPES = YES;
				CLANG_WARN_SUSPICIOUS_MOVE = YES;
				CLANG_WARN_UNGUARDED_AVAILABILITY = YES_AGGRESSIVE;
				CLANG_WARN_UNREACHABLE_CODE = YES;
				CLANG_WARN__DUPLICATE_METHOD_MATCH = YES;
				COPY_PHASE_STRIP = NO;
				DEBUG_INFORMATION_FORMAT = "dwarf-with-dsym";
				ENABLE_NS_ASSERTIONS = NO;
				ENABLE_STRICT_OBJC_MSGSEND = YES;
				GCC_C_LANGUAGE_STANDARD = gnu11;
				GCC_NO_COMMON_BLOCKS = YES;
				GCC_WARN_64_TO_32_BIT_CONVERSION = YES;
				GCC_WARN_ABOUT_RETURN_TYPE = YES_ERROR;
				GCC_WARN_UNDECLARED_SELECTOR = YES;
				GCC_WARN_UNINITIALIZED_AUTOS = YES_AGGRESSIVE;
				GCC_WARN_UNUSED_FUNCTION = YES;
				GCC_WARN_UNUSED_VARIABLE = YES;
				IPHONEOS_DEPLOYMENT_TARGET = 16.2;
				MTL_ENABLE_DEBUG_INFO = NO;
				MTL_FAST_MATH = YES;
				SDKROOT = iphoneos;
				SWIFT_COMPILATION_MODE = wholemodule;
				SWIFT_OPTIMIZATION_LEVEL = "-O";
				VALIDATE_PRODUCT = YES;
			};
			name = Release;
		};
		2D94211529781BCC0021AEB9 /* Debug */ = {
			isa = XCBuildConfiguration;
			buildSettings = {
				ASSETCATALOG_COMPILER_APPICON_NAME = AppIcon;
				ASSETCATALOG_COMPILER_GLOBAL_ACCENT_COLOR_NAME = AccentColor;
				CODE_SIGN_STYLE = Automatic;
				CURRENT_PROJECT_VERSION = 1;
				DEVELOPMENT_TEAM = HG8VJQPKXZ;
				GENERATE_INFOPLIST_FILE = YES;
				INFOPLIST_FILE = ToDoApp/Resources/Info.plist;
				INFOPLIST_KEY_UIApplicationSupportsIndirectInputEvents = YES;
				INFOPLIST_KEY_UILaunchStoryboardName = LaunchScreen;
				INFOPLIST_KEY_UISupportedInterfaceOrientations = UIInterfaceOrientationPortrait;
				INFOPLIST_KEY_UISupportedInterfaceOrientations_iPad = "UIInterfaceOrientationLandscapeLeft UIInterfaceOrientationLandscapeRight UIInterfaceOrientationPortrait UIInterfaceOrientationPortraitUpsideDown";
				IPHONEOS_DEPLOYMENT_TARGET = 15.6;
				LD_RUNPATH_SEARCH_PATHS = (
					"$(inherited)",
					"@executable_path/Frameworks",
				);
				MARKETING_VERSION = 1.0;
				PRODUCT_BUNDLE_IDENTIFIER = dev.nsemir.ToDoApp;
				PRODUCT_NAME = "$(TARGET_NAME)";
				SUPPORTED_PLATFORMS = "iphoneos iphonesimulator";
				SUPPORTS_MACCATALYST = NO;
				SUPPORTS_MAC_DESIGNED_FOR_IPHONE_IPAD = NO;
				SWIFT_EMIT_LOC_STRINGS = YES;
				SWIFT_VERSION = 5.0;
				TARGETED_DEVICE_FAMILY = 1;
			};
			name = Debug;
		};
		2D94211629781BCC0021AEB9 /* Release */ = {
			isa = XCBuildConfiguration;
			buildSettings = {
				ASSETCATALOG_COMPILER_APPICON_NAME = AppIcon;
				ASSETCATALOG_COMPILER_GLOBAL_ACCENT_COLOR_NAME = AccentColor;
				CODE_SIGN_STYLE = Automatic;
				CURRENT_PROJECT_VERSION = 1;
				DEVELOPMENT_TEAM = HG8VJQPKXZ;
				GENERATE_INFOPLIST_FILE = YES;
				INFOPLIST_FILE = ToDoApp/Resources/Info.plist;
				INFOPLIST_KEY_UIApplicationSupportsIndirectInputEvents = YES;
				INFOPLIST_KEY_UILaunchStoryboardName = LaunchScreen;
				INFOPLIST_KEY_UISupportedInterfaceOrientations = UIInterfaceOrientationPortrait;
				INFOPLIST_KEY_UISupportedInterfaceOrientations_iPad = "UIInterfaceOrientationLandscapeLeft UIInterfaceOrientationLandscapeRight UIInterfaceOrientationPortrait UIInterfaceOrientationPortraitUpsideDown";
				IPHONEOS_DEPLOYMENT_TARGET = 15.6;
				LD_RUNPATH_SEARCH_PATHS = (
					"$(inherited)",
					"@executable_path/Frameworks",
				);
				MARKETING_VERSION = 1.0;
				PRODUCT_BUNDLE_IDENTIFIER = dev.nsemir.ToDoApp;
				PRODUCT_NAME = "$(TARGET_NAME)";
				SUPPORTED_PLATFORMS = "iphoneos iphonesimulator";
				SUPPORTS_MACCATALYST = NO;
				SUPPORTS_MAC_DESIGNED_FOR_IPHONE_IPAD = NO;
				SWIFT_EMIT_LOC_STRINGS = YES;
				SWIFT_VERSION = 5.0;
				TARGETED_DEVICE_FAMILY = 1;
			};
			name = Release;
		};
/* End XCBuildConfiguration section */

/* Begin XCConfigurationList section */
		2D9420FB29781BCB0021AEB9 /* Build configuration list for PBXProject "ToDoApp" */ = {
			isa = XCConfigurationList;
			buildConfigurations = (
				2D94211229781BCC0021AEB9 /* Debug */,
				2D94211329781BCC0021AEB9 /* Release */,
			);
			defaultConfigurationIsVisible = 0;
			defaultConfigurationName = Release;
		};
		2D94211429781BCC0021AEB9 /* Build configuration list for PBXNativeTarget "ToDoApp" */ = {
			isa = XCConfigurationList;
			buildConfigurations = (
				2D94211529781BCC0021AEB9 /* Debug */,
				2D94211629781BCC0021AEB9 /* Release */,
			);
			defaultConfigurationIsVisible = 0;
			defaultConfigurationName = Release;
		};
/* End XCConfigurationList section */

/* Begin XCRemoteSwiftPackageReference section */
		2D94213329782C570021AEB9 /* XCRemoteSwiftPackageReference "SnapKit" */ = {
			isa = XCRemoteSwiftPackageReference;
			repositoryURL = "https://github.com/SnapKit/SnapKit.git";
			requirement = {
				kind = upToNextMajorVersion;
				minimumVersion = 5.0.0;
			};
		};
/* End XCRemoteSwiftPackageReference section */

/* Begin XCSwiftPackageProductDependency section */
		2D94213429782C570021AEB9 /* SnapKit */ = {
			isa = XCSwiftPackageProductDependency;
			package = 2D94213329782C570021AEB9 /* XCRemoteSwiftPackageReference "SnapKit" */;
			productName = SnapKit;
		};
/* End XCSwiftPackageProductDependency section */
	};
	rootObject = 2D9420F829781BCB0021AEB9 /* Project object */;
}
